
Microsoft Visual Studio Solution File, Format Version 11.00
# Visual Studio 2010
Project("{FAE04EC0-301F-11D3-BF4B-00C04F79EFBC}") = "2dshit", "Assembly-CSharp.csproj", "{6106D3BD-CD65-90DE-39DF-8419D2D8E8BD}"
EndProject
Project("{FAE04EC0-301F-11D3-BF4B-00C04F79EFBC}") = "2dshit", "Assembly-CSharp-Editor.csproj", "{397C3B87-C96A-320F-6527-B3640B208C5C}"
EndProject
Global
	GlobalSection(SolutionConfigurationPlatforms) = preSolution
		Debug|Any CPU = Debug|Any CPU
		Release|Any CPU = Release|Any CPU
	EndGlobalSection
	GlobalSection(ProjectConfigurationPlatforms) = postSolution
		{6106D3BD-CD65-90DE-39DF-8419D2D8E8BD}.Debug|Any CPU.ActiveCfg = Debug|Any CPU
		{6106D3BD-CD65-90DE-39DF-8419D2D8E8BD}.Debug|Any CPU.Build.0 = Debug|Any CPU
		{6106D3BD-CD65-90DE-39DF-8419D2D8E8BD}.Release|Any CPU.ActiveCfg = Release|Any CPU
		{6106D3BD-CD65-90DE-39DF-8419D2D8E8BD}.Release|Any CPU.Build.0 = Release|Any CPU
		{397C3B87-C96A-320F-6527-B3640B208C5C}.Debug|Any CPU.ActiveCfg = Debug|Any CPU
		{397C3B87-C96A-320F-6527-B3640B208C5C}.Debug|Any CPU.Build.0 = Debug|Any CPU
		{397C3B87-C96A-320F-6527-B3640B208C5C}.Release|Any CPU.ActiveCfg = Release|Any CPU
		{397C3B87-C96A-320F-6527-B3640B208C5C}.Release|Any CPU.Build.0 = Release|Any CPU
	EndGlobalSection
	GlobalSection(SolutionProperties) = preSolution
		HideSolutionNode = FALSE
	EndGlobalSection
	GlobalSection(MonoDevelopProperties) = preSolution
		StartupItem = Assembly-CSharp.csproj
	EndGlobalSection
EndGlobal
